
Microsoft Visual Studio Solution File, Format Version 12.00
# Visual Studio Version 17
VisualStudioVersion = 17.8.34511.84
MinimumVisualStudioVersion = 10.0.40219.1
Project("{FAE04EC0-301F-11D3-BF4B-00C04F79EFBC}") = "DublinBikesMock", "DublinBikesMock.csproj", "{9619B6F3-7A63-44C6-AAED-B9C82C0364DF}"
EndProject
Global
	GlobalSection(SolutionConfigurationPlatforms) = preSolution
		Debug|Any CPU = Debug|Any CPU
		Release|Any CPU = Release|Any CPU
	EndGlobalSection
	GlobalSection(ProjectConfigurationPlatforms) = postSolution
		{9619B6F3-7A63-44C6-AAED-B9C82C0364DF}.Debug|Any CPU.ActiveCfg = Debug|Any CPU
		{9619B6F3-7A63-44C6-AAED-B9C82C0364DF}.Debug|Any CPU.Build.0 = Debug|Any CPU
		{9619B6F3-7A63-44C6-AAED-B9C82C0364DF}.Release|Any CPU.ActiveCfg = Release|Any CPU
		{9619B6F3-7A63-44C6-AAED-B9C82C0364DF}.Release|Any CPU.Build.0 = Release|Any CPU
	EndGlobalSection
	GlobalSection(SolutionProperties) = preSolution
		HideSolutionNode = FALSE
	EndGlobalSection
	GlobalSection(ExtensibilityGlobals) = postSolution
		SolutionGuid = {11F91702-2A8F-4314-9772-9A38AF254808}
	EndGlobalSection
EndGlobal
